
Microsoft Visual Studio Solution File, Format Version 12.00
# Visual Studio 2012
Project("{8BC9CEB8-8B4A-11D0-8D11-00A0C91BC942}") = "Example7k", "Example7k.vcxproj", "{551D3CF8-4153-4B1A-A7CD-7690949884AB}"
EndProject
Global
	GlobalSection(SolutionConfigurationPlatforms) = preSolution
		Debug|Win32 = Debug|Win32
		Release|Win32 = Release|Win32
	EndGlobalSection
	GlobalSection(ProjectConfigurationPlatforms) = postSolution
		{551D3CF8-4153-4B1A-A7CD-7690949884AB}.Debug|Win32.ActiveCfg = Debug|Win32
		{551D3CF8-4153-4B1A-A7CD-7690949884AB}.Debug|Win32.Build.0 = Debug|Win32
		{551D3CF8-4153-4B1A-A7CD-7690949884AB}.Release|Win32.ActiveCfg = Release|Win32
		{551D3CF8-4153-4B1A-A7CD-7690949884AB}.Release|Win32.Build.0 = Release|Win32
	EndGlobalSection
	GlobalSection(SolutionProperties) = preSolution
		HideSolutionNode = FALSE
	EndGlobalSection
EndGlobal
